<?xml version="1.0" encoding="utf-8"?>
<Project ToolsVersion="4.0" xmlns="http://schemas.microsoft.com/developer/msbuild/2003">
  <ItemGroup>
    <Filter Include="src">
      <UniqueIdentifier>{078aa8c8-11e8-495e-b938-17667f844fbc}</UniqueIdentifier>
    </Filter>
    <Filter Include="src\Graphics">
      <UniqueIdentifier>{9a5dd401-68e4-4b34-9c9f-f736960594c4}</UniqueIdentifier>
    </Filter>
    <Filter Include="src\Graphics\Rasterizer">
      <UniqueIdentifier>{606ad2bd-b7d6-4188-ae48-b040c1b1aa04}</UniqueIdentifier>
    </Filter>
    <Filter Include="src\Input">
      <UniqueIdentifier>{9792f70e-3dc9-4495-9cd2-e0ac3b6bfd6a}</UniqueIdentifier>
    </Filter>
    <Filter Include="src\Graphics\FrameBuffer">
      <UniqueIdentifier>{5cbd758e-29f7-4dbc-ba10-cc707c62dfec}</UniqueIdentifier>
    </Filter>
    <Filter Include="src\MathLib">
      <UniqueIdentifier>{c5e06506-fb53-49ba-a12d-fc44b8acd2b7}</UniqueIdentifier>
    </Filter>
    <Filter Include="src\Utils">
      <UniqueIdentifier>{c57d16a7-224a-48c6-b650-d585fa353ab1}</UniqueIdentifier>
    </Filter>
  </ItemGroup>
  <ItemGroup>
    <ClCompile Include="src\main.cpp">
      <Filter>src</Filter>
    </ClCompile>
    <ClCompile Include="src\Input\Input.cpp">
      <Filter>src\Input</Filter>
    </ClCompile>
    <ClCompile Include="src\Graphics\FrameBuffer\FrameBuffer.cpp">
      <Filter>src\Graphics\FrameBuffer</Filter>
    </ClCompile>
    <ClCompile Include="src\MathLib\Matrix4.cpp">
      <Filter>src\MathLib</Filter>
    </ClCompile>
    <ClCompile Include="src\MathLib\Point4.cpp">
      <Filter>src\MathLib</Filter>
    </ClCompile>
    <ClCompile Include="src\MathLib\Vector4.cpp">
      <Filter>src\MathLib</Filter>
    </ClCompile>
    <ClCompile Include="src\Utils\cs250Parser.cpp">
      <Filter>src\Utils</Filter>
    </ClCompile>
    <ClCompile Include="src\Graphics\Rasterizer\Rasterizer.cpp">
      <Filter>src\Graphics\Rasterizer</Filter>
    </ClCompile>
  </ItemGroup>
  <ItemGroup>
    <ClInclude Include="src\Input\Input.h">
      <Filter>src\Input</Filter>
    </ClInclude>
    <ClInclude Include="src\Graphics\FrameBuffer\FrameBuffer.h">
      <Filter>src\Graphics\FrameBuffer</Filter>
    </ClInclude>
    <ClInclude Include="src\MathLib\MathUtilities.h">
      <Filter>src\MathLib</Filter>
    </ClInclude>
    <ClInclude Include="src\MathLib\Matrix4.h">
      <Filter>src\MathLib</Filter>
    </ClInclude>
    <ClInclude Include="src\MathLib\Point4.h">
      <Filter>src\MathLib</Filter>
    </ClInclude>
    <ClInclude Include="src\MathLib\Vector4.h">
      <Filter>src\MathLib</Filter>
    </ClInclude>
    <ClInclude Include="src\Utils\cs250Parser.h">
      <Filter>src\Utils</Filter>
    </ClInclude>
    <ClInclude Include="src\Graphics\Rasterizer\Rasterizer.h">
      <Filter>src\Graphics\Rasterizer</Filter>
    </ClInclude>
  </ItemGroup>
</Project>